
Microsoft Visual Studio Solution File, Format Version 12.00
# Visual Studio Version 17
VisualStudioVersion = 17.7.34221.43
MinimumVisualStudioVersion = 10.0.40219.1
Project("{FAE04EC0-301F-11D3-BF4B-00C04F79EFBC}") = "BincomInternship", "BincomInternship.csproj", "{AA4F4AC2-1F25-4BE4-A218-E2508ABBA5C3}"
EndProject
Global
	GlobalSection(SolutionConfigurationPlatforms) = preSolution
		Debug|Any CPU = Debug|Any CPU
		Release|Any CPU = Release|Any CPU
	EndGlobalSection
	GlobalSection(ProjectConfigurationPlatforms) = postSolution
		{AA4F4AC2-1F25-4BE4-A218-E2508ABBA5C3}.Debug|Any CPU.ActiveCfg = Debug|Any CPU
		{AA4F4AC2-1F25-4BE4-A218-E2508ABBA5C3}.Debug|Any CPU.Build.0 = Debug|Any CPU
		{AA4F4AC2-1F25-4BE4-A218-E2508ABBA5C3}.Release|Any CPU.ActiveCfg = Release|Any CPU
		{AA4F4AC2-1F25-4BE4-A218-E2508ABBA5C3}.Release|Any CPU.Build.0 = Release|Any CPU
	EndGlobalSection
	GlobalSection(SolutionProperties) = preSolution
		HideSolutionNode = FALSE
	EndGlobalSection
	GlobalSection(ExtensibilityGlobals) = postSolution
		SolutionGuid = {DD6C5E9F-F9AC-42EC-9144-21E7651CB428}
	EndGlobalSection
EndGlobal
